// !$*UTF8*$!
{
	archiveVersion = 1;
	classes = {
	};
	objectVersion = 56;
	objects = {

/* Begin PBXBuildFile section */
		6E9B36892A6254680033CF1D /* DynamicSSLPin in Frameworks */ = {isa = PBXBuildFile; productRef = 6E9B36882A6254680033CF1D /* DynamicSSLPin */; };
		6EACEA5D2A556B6A000722C7 /* AppDelegate.swift in Sources */ = {isa = PBXBuildFile; fileRef = 6EACEA5C2A556B6A000722C7 /* AppDelegate.swift */; };
		6EACEA5F2A556B6A000722C7 /* SceneDelegate.swift in Sources */ = {isa = PBXBuildFile; fileRef = 6EACEA5E2A556B6A000722C7 /* SceneDelegate.swift */; };
		6EACEA612A556B6A000722C7 /* ViewController.swift in Sources */ = {isa = PBXBuildFile; fileRef = 6EACEA602A556B6A000722C7 /* ViewController.swift */; };
		6EACEA642A556B6A000722C7 /* Main.storyboard in Resources */ = {isa = PBXBuildFile; fileRef = 6EACEA622A556B6A000722C7 /* Main.storyboard */; };
		6EACEA662A556B6E000722C7 /* Assets.xcassets in Resources */ = {isa = PBXBuildFile; fileRef = 6EACEA652A556B6E000722C7 /* Assets.xcassets */; };
		6EACEA692A556B6E000722C7 /* LaunchScreen.storyboard in Resources */ = {isa = PBXBuildFile; fileRef = 6EACEA672A556B6E000722C7 /* LaunchScreen.storyboard */; };
		6EACEA762A556E5E000722C7 /* HandshakeResult.swift in Sources */ = {isa = PBXBuildFile; fileRef = 6EACEA752A556E5E000722C7 /* HandshakeResult.swift */; };
		6EACEA782A556F06000722C7 /* HandshakeListener.swift in Sources */ = {isa = PBXBuildFile; fileRef = 6EACEA772A556F06000722C7 /* HandshakeListener.swift */; };
		6EACEA7A2A556F48000722C7 /* HandshakeController.swift in Sources */ = {isa = PBXBuildFile; fileRef = 6EACEA792A556F48000722C7 /* HandshakeController.swift */; };
		6EACEA7C2A586AC8000722C7 /* RestAPI.swift in Sources */ = {isa = PBXBuildFile; fileRef = 6EACEA7B2A586AC8000722C7 /* RestAPI.swift */; };
		6EACEA7E2A586B79000722C7 /* WeatherResponse.swift in Sources */ = {isa = PBXBuildFile; fileRef = 6EACEA7D2A586B79000722C7 /* WeatherResponse.swift */; };
/* End PBXBuildFile section */

/* Begin PBXFileReference section */
		6EACEA592A556B6A000722C7 /* DynamicSSLPinningDemo.app */ = {isa = PBXFileReference; explicitFileType = wrapper.application; includeInIndex = 0; path = DynamicSSLPinningDemo.app; sourceTree = BUILT_PRODUCTS_DIR; };
		6EACEA5C2A556B6A000722C7 /* AppDelegate.swift */ = {isa = PBXFileReference; lastKnownFileType = sourcecode.swift; path = AppDelegate.swift; sourceTree = "<group>"; };
		6EACEA5E2A556B6A000722C7 /* SceneDelegate.swift */ = {isa = PBXFileReference; lastKnownFileType = sourcecode.swift; path = SceneDelegate.swift; sourceTree = "<group>"; };
		6EACEA602A556B6A000722C7 /* ViewController.swift */ = {isa = PBXFileReference; lastKnownFileType = sourcecode.swift; path = ViewController.swift; sourceTree = "<group>"; };
		6EACEA632A556B6A000722C7 /* Base */ = {isa = PBXFileReference; lastKnownFileType = file.storyboard; name = Base; path = Base.lproj/Main.storyboard; sourceTree = "<group>"; };
		6EACEA652A556B6E000722C7 /* Assets.xcassets */ = {isa = PBXFileReference; lastKnownFileType = folder.assetcatalog; path = Assets.xcassets; sourceTree = "<group>"; };
		6EACEA682A556B6E000722C7 /* Base */ = {isa = PBXFileReference; lastKnownFileType = file.storyboard; name = Base; path = Base.lproj/LaunchScreen.storyboard; sourceTree = "<group>"; };
		6EACEA6A2A556B6E000722C7 /* Info.plist */ = {isa = PBXFileReference; lastKnownFileType = text.plist.xml; path = Info.plist; sourceTree = "<group>"; };
		6EACEA702A556C0E000722C7 /* DynamicSSLPin */ = {isa = PBXFileReference; lastKnownFileType = wrapper; name = DynamicSSLPin; path = ..; sourceTree = "<group>"; };
		6EACEA752A556E5E000722C7 /* HandshakeResult.swift */ = {isa = PBXFileReference; lastKnownFileType = sourcecode.swift; path = HandshakeResult.swift; sourceTree = "<group>"; };
		6EACEA772A556F06000722C7 /* HandshakeListener.swift */ = {isa = PBXFileReference; lastKnownFileType = sourcecode.swift; path = HandshakeListener.swift; sourceTree = "<group>"; };
		6EACEA792A556F48000722C7 /* HandshakeController.swift */ = {isa = PBXFileReference; lastKnownFileType = sourcecode.swift; path = HandshakeController.swift; sourceTree = "<group>"; };
		6EACEA7B2A586AC8000722C7 /* RestAPI.swift */ = {isa = PBXFileReference; lastKnownFileType = sourcecode.swift; path = RestAPI.swift; sourceTree = "<group>"; };
		6EACEA7D2A586B79000722C7 /* WeatherResponse.swift */ = {isa = PBXFileReference; lastKnownFileType = sourcecode.swift; path = WeatherResponse.swift; sourceTree = "<group>"; };
/* End PBXFileReference section */

/* Begin PBXFrameworksBuildPhase section */
		6EACEA562A556B6A000722C7 /* Frameworks */ = {
			isa = PBXFrameworksBuildPhase;
			buildActionMask = 2147483647;
			files = (
				6E9B36892A6254680033CF1D /* DynamicSSLPin in Frameworks */,
			);
			runOnlyForDeploymentPostprocessing = 0;
		};
/* End PBXFrameworksBuildPhase section */

/* Begin PBXGroup section */
		6EACEA502A556B6A000722C7 = {
			isa = PBXGroup;
			children = (
				6EACEA702A556C0E000722C7 /* DynamicSSLPin */,
				6EACEA5B2A556B6A000722C7 /* DynamicSSLPinningDemo */,
				6EACEA5A2A556B6A000722C7 /* Products */,
				6EACEA712A556C21000722C7 /* Frameworks */,
			);
			sourceTree = "<group>";
		};
		6EACEA5A2A556B6A000722C7 /* Products */ = {
			isa = PBXGroup;
			children = (
				6EACEA592A556B6A000722C7 /* DynamicSSLPinningDemo.app */,
			);
			name = Products;
			sourceTree = "<group>";
		};
		6EACEA5B2A556B6A000722C7 /* DynamicSSLPinningDemo */ = {
			isa = PBXGroup;
			children = (
				6EACEA742A556E2A000722C7 /* Handshake */,
				6EACEA5C2A556B6A000722C7 /* AppDelegate.swift */,
				6EACEA5E2A556B6A000722C7 /* SceneDelegate.swift */,
				6EACEA602A556B6A000722C7 /* ViewController.swift */,
				6EACEA622A556B6A000722C7 /* Main.storyboard */,
				6EACEA652A556B6E000722C7 /* Assets.xcassets */,
				6EACEA672A556B6E000722C7 /* LaunchScreen.storyboard */,
				6EACEA6A2A556B6E000722C7 /* Info.plist */,
				6EACEA7B2A586AC8000722C7 /* RestAPI.swift */,
				6EACEA7D2A586B79000722C7 /* WeatherResponse.swift */,
			);
			path = DynamicSSLPinningDemo;
			sourceTree = "<group>";
		};
		6EACEA712A556C21000722C7 /* Frameworks */ = {
			isa = PBXGroup;
			children = (
			);
			name = Frameworks;
			sourceTree = "<group>";
		};
		6EACEA742A556E2A000722C7 /* Handshake */ = {
			isa = PBXGroup;
			children = (
				6EACEA752A556E5E000722C7 /* HandshakeResult.swift */,
				6EACEA772A556F06000722C7 /* HandshakeListener.swift */,
				6EACEA792A556F48000722C7 /* HandshakeController.swift */,
			);
			path = Handshake;
			sourceTree = "<group>";
		};
/* End PBXGroup section */

/* Begin PBXNativeTarget section */
		6EACEA582A556B6A000722C7 /* DynamicSSLPinningDemo */ = {
			isa = PBXNativeTarget;
			buildConfigurationList = 6EACEA6D2A556B6E000722C7 /* Build configuration list for PBXNativeTarget "DynamicSSLPinningDemo" */;
			buildPhases = (
				6EACEA552A556B6A000722C7 /* Sources */,
				6EACEA562A556B6A000722C7 /* Frameworks */,
				6EACEA572A556B6A000722C7 /* Resources */,
			);
			buildRules = (
			);
			dependencies = (
			);
			name = DynamicSSLPinningDemo;
			packageProductDependencies = (
				6E9B36882A6254680033CF1D /* DynamicSSLPin */,
			);
			productName = DynamicSSLPinningDemo;
			productReference = 6EACEA592A556B6A000722C7 /* DynamicSSLPinningDemo.app */;
			productType = "com.apple.product-type.application";
		};
/* End PBXNativeTarget section */

/* Begin PBXProject section */
		6EACEA512A556B6A000722C7 /* Project object */ = {
			isa = PBXProject;
			attributes = {
				BuildIndependentTargetsInParallel = 1;
				LastSwiftUpdateCheck = 1420;
				LastUpgradeCheck = 1420;
				TargetAttributes = {
					6EACEA582A556B6A000722C7 = {
						CreatedOnToolsVersion = 14.2;
					};
				};
			};
			buildConfigurationList = 6EACEA542A556B6A000722C7 /* Build configuration list for PBXProject "DynamicSSLPinningDemo" */;
			compatibilityVersion = "Xcode 14.0";
			developmentRegion = en;
			hasScannedForEncodings = 0;
			knownRegions = (
				en,
				Base,
			);
			mainGroup = 6EACEA502A556B6A000722C7;
			productRefGroup = 6EACEA5A2A556B6A000722C7 /* Products */;
			projectDirPath = "";
			projectRoot = "";
			targets = (
				6EACEA582A556B6A000722C7 /* DynamicSSLPinningDemo */,
			);
		};
/* End PBXProject section */

/* Begin PBXResourcesBuildPhase section */
		6EACEA572A556B6A000722C7 /* Resources */ = {
			isa = PBXResourcesBuildPhase;
			buildActionMask = 2147483647;
			files = (
				6EACEA692A556B6E000722C7 /* LaunchScreen.storyboard in Resources */,
				6EACEA662A556B6E000722C7 /* Assets.xcassets in Resources */,
				6EACEA642A556B6A000722C7 /* Main.storyboard in Resources */,
			);
			runOnlyForDeploymentPostprocessing = 0;
		};
/* End PBXResourcesBuildPhase section */

/* Begin PBXSourcesBuildPhase section */
		6EACEA552A556B6A000722C7 /* Sources */ = {
			isa = PBXSourcesBuildPhase;
			buildActionMask = 2147483647;
			files = (
				6EACEA782A556F06000722C7 /* HandshakeListener.swift in Sources */,
				6EACEA7A2A556F48000722C7 /* HandshakeController.swift in Sources */,
				6EACEA612A556B6A000722C7 /* ViewController.swift in Sources */,
				6EACEA5D2A556B6A000722C7 /* AppDelegate.swift in Sources */,
				6EACEA7C2A586AC8000722C7 /* RestAPI.swift in Sources */,
				6EACEA762A556E5E000722C7 /* HandshakeResult.swift in Sources */,
				6EACEA5F2A556B6A000722C7 /* SceneDelegate.swift in Sources */,
				6EACEA7E2A586B79000722C7 /* WeatherResponse.swift in Sources */,
			);
			runOnlyForDeploymentPostprocessing = 0;
		};
/* End PBXSourcesBuildPhase section */

/* Begin PBXVariantGroup section */
		6EACEA622A556B6A000722C7 /* Main.storyboard */ = {
			isa = PBXVariantGroup;
			children = (
				6EACEA632A556B6A000722C7 /* Base */,
			);
			name = Main.storyboard;
			sourceTree = "<group>";
		};
		6EACEA672A556B6E000722C7 /* LaunchScreen.storyboard */ = {
			isa = PBXVariantGroup;
			children = (
				6EACEA682A556B6E000722C7 /* Base */,
			);
			name = LaunchScreen.storyboard;
			sourceTree = "<group>";
		};
/* End PBXVariantGroup section */

/* Begin XCBuildConfiguration section */
		6EACEA6B2A556B6E000722C7 /* Debug */ = {
			isa = XCBuildConfiguration;
			buildSettings = {
				ALWAYS_SEARCH_USER_PATHS = NO;
				CLANG_ANALYZER_NONNULL = YES;
				CLANG_ANALYZER_NUMBER_OBJECT_CONVERSION = YES_AGGRESSIVE;
				CLANG_CXX_LANGUAGE_STANDARD = "gnu++20";
				CLANG_ENABLE_MODULES = YES;
				CLANG_ENABLE_OBJC_ARC = YES;
				CLANG_ENABLE_OBJC_WEAK = YES;
				CLANG_WARN_BLOCK_CAPTURE_AUTORELEASING = YES;
				CLANG_WARN_BOOL_CONVERSION = YES;
				CLANG_WARN_COMMA = YES;
				CLANG_WARN_CONSTANT_CONVERSION = YES;
				CLANG_WARN_DEPRECATED_OBJC_IMPLEMENTATIONS = YES;
				CLANG_WARN_DIRECT_OBJC_ISA_USAGE = YES_ERROR;
				CLANG_WARN_DOCUMENTATION_COMMENTS = YES;
				CLANG_WARN_EMPTY_BODY = YES;
				CLANG_WARN_ENUM_CONVERSION = YES;
				CLANG_WARN_INFINITE_RECURSION = YES;
				CLANG_WARN_INT_CONVERSION = YES;
				CLANG_WARN_NON_LITERAL_NULL_CONVERSION = YES;
				CLANG_WARN_OBJC_IMPLICIT_RETAIN_SELF = YES;
				CLANG_WARN_OBJC_LITERAL_CONVERSION = YES;
				CLANG_WARN_OBJC_ROOT_CLASS = YES_ERROR;
				CLANG_WARN_QUOTED_INCLUDE_IN_FRAMEWORK_HEADER = YES;
				CLANG_WARN_RANGE_LOOP_ANALYSIS = YES;
				CLANG_WARN_STRICT_PROTOTYPES = YES;
				CLANG_WARN_SUSPICIOUS_MOVE = YES;
				CLANG_WARN_UNGUARDED_AVAILABILITY = YES_AGGRESSIVE;
				CLANG_WARN_UNREACHABLE_CODE = YES;
				CLANG_WARN__DUPLICATE_METHOD_MATCH = YES;
				COPY_PHASE_STRIP = NO;
				DEBUG_INFORMATION_FORMAT = dwarf;
				ENABLE_STRICT_OBJC_MSGSEND = YES;
				ENABLE_TESTABILITY = YES;
				GCC_C_LANGUAGE_STANDARD = gnu11;
				GCC_DYNAMIC_NO_PIC = NO;
				GCC_NO_COMMON_BLOCKS = YES;
				GCC_OPTIMIZATION_LEVEL = 0;
				GCC_PREPROCESSOR_DEFINITIONS = (
					"DEBUG=1",
					"$(inherited)",
				);
				GCC_WARN_64_TO_32_BIT_CONVERSION = YES;
				GCC_WARN_ABOUT_RETURN_TYPE = YES_ERROR;
				GCC_WARN_UNDECLARED_SELECTOR = YES;
				GCC_WARN_UNINITIALIZED_AUTOS = YES_AGGRESSIVE;
				GCC_WARN_UNUSED_FUNCTION = YES;
				GCC_WARN_UNUSED_VARIABLE = YES;
				IPHONEOS_DEPLOYMENT_TARGET = 16.2;
				MTL_ENABLE_DEBUG_INFO = INCLUDE_SOURCE;
				MTL_FAST_MATH = YES;
				ONLY_ACTIVE_ARCH = YES;
				SDKROOT = iphoneos;
				SWIFT_ACTIVE_COMPILATION_CONDITIONS = DEBUG;
				SWIFT_OPTIMIZATION_LEVEL = "-Onone";
			};
			name = Debug;
		};
		6EACEA6C2A556B6E000722C7 /* Release */ = {
			isa = XCBuildConfiguration;
			buildSettings = {
				ALWAYS_SEARCH_USER_PATHS = NO;
				CLANG_ANALYZER_NONNULL = YES;
				CLANG_ANALYZER_NUMBER_OBJECT_CONVERSION = YES_AGGRESSIVE;
				CLANG_CXX_LANGUAGE_STANDARD = "gnu++20";
				CLANG_ENABLE_MODULES = YES;
				CLANG_ENABLE_OBJC_ARC = YES;
				CLANG_ENABLE_OBJC_WEAK = YES;
				CLANG_WARN_BLOCK_CAPTURE_AUTORELEASING = YES;
				CLANG_WARN_BOOL_CONVERSION = YES;
				CLANG_WARN_COMMA = YES;
				CLANG_WARN_CONSTANT_CONVERSION = YES;
				CLANG_WARN_DEPRECATED_OBJC_IMPLEMENTATIONS = YES;
				CLANG_WARN_DIRECT_OBJC_ISA_USAGE = YES_ERROR;
				CLANG_WARN_DOCUMENTATION_COMMENTS = YES;
				CLANG_WARN_EMPTY_BODY = YES;
				CLANG_WARN_ENUM_CONVERSION = YES;
				CLANG_WARN_INFINITE_RECURSION = YES;
				CLANG_WARN_INT_CONVERSION = YES;
				CLANG_WARN_NON_LITERAL_NULL_CONVERSION = YES;
				CLANG_WARN_OBJC_IMPLICIT_RETAIN_SELF = YES;
				CLANG_WARN_OBJC_LITERAL_CONVERSION = YES;
				CLANG_WARN_OBJC_ROOT_CLASS = YES_ERROR;
				CLANG_WARN_QUOTED_INCLUDE_IN_FRAMEWORK_HEADER = YES;
				CLANG_WARN_RANGE_LOOP_ANALYSIS = YES;
				CLANG_WARN_STRICT_PROTOTYPES = YES;
				CLANG_WARN_SUSPICIOUS_MOVE = YES;
				CLANG_WARN_UNGUARDED_AVAILABILITY = YES_AGGRESSIVE;
				CLANG_WARN_UNREACHABLE_CODE = YES;
				CLANG_WARN__DUPLICATE_METHOD_MATCH = YES;
				COPY_PHASE_STRIP = NO;
				DEBUG_INFORMATION_FORMAT = "dwarf-with-dsym";
				ENABLE_NS_ASSERTIONS = NO;
				ENABLE_STRICT_OBJC_MSGSEND = YES;
				GCC_C_LANGUAGE_STANDARD = gnu11;
				GCC_NO_COMMON_BLOCKS = YES;
				GCC_WARN_64_TO_32_BIT_CONVERSION = YES;
				GCC_WARN_ABOUT_RETURN_TYPE = YES_ERROR;
				GCC_WARN_UNDECLARED_SELECTOR = YES;
				GCC_WARN_UNINITIALIZED_AUTOS = YES_AGGRESSIVE;
				GCC_WARN_UNUSED_FUNCTION = YES;
				GCC_WARN_UNUSED_VARIABLE = YES;
				IPHONEOS_DEPLOYMENT_TARGET = 16.2;
				MTL_ENABLE_DEBUG_INFO = NO;
				MTL_FAST_MATH = YES;
				SDKROOT = iphoneos;
				SWIFT_COMPILATION_MODE = wholemodule;
				SWIFT_OPTIMIZATION_LEVEL = "-O";
				VALIDATE_PRODUCT = YES;
			};
			name = Release;
		};
		6EACEA6E2A556B6E000722C7 /* Debug */ = {
			isa = XCBuildConfiguration;
			buildSettings = {
				ASSETCATALOG_COMPILER_APPICON_NAME = AppIcon;
				ASSETCATALOG_COMPILER_GLOBAL_ACCENT_COLOR_NAME = AccentColor;
				CODE_SIGN_STYLE = Automatic;
				CURRENT_PROJECT_VERSION = 1;
				DEVELOPMENT_TEAM = 9826J85TM6;
				GENERATE_INFOPLIST_FILE = YES;
				INFOPLIST_FILE = DynamicSSLPinningDemo/Info.plist;
				INFOPLIST_KEY_UIApplicationSupportsIndirectInputEvents = YES;
				INFOPLIST_KEY_UILaunchStoryboardName = LaunchScreen;
				INFOPLIST_KEY_UIMainStoryboardFile = Main;
				INFOPLIST_KEY_UISupportedInterfaceOrientations_iPad = "UIInterfaceOrientationPortrait UIInterfaceOrientationPortraitUpsideDown UIInterfaceOrientationLandscapeLeft UIInterfaceOrientationLandscapeRight";
				INFOPLIST_KEY_UISupportedInterfaceOrientations_iPhone = "UIInterfaceOrientationPortrait UIInterfaceOrientationLandscapeLeft UIInterfaceOrientationLandscapeRight";
				LD_RUNPATH_SEARCH_PATHS = (
					"$(inherited)",
					"@executable_path/Frameworks",
				);
				MARKETING_VERSION = 1.0;
				PRODUCT_BUNDLE_IDENTIFIER = com.darubagus.DynamicSSLPinningDemo;
				PRODUCT_NAME = "$(TARGET_NAME)";
				SWIFT_EMIT_LOC_STRINGS = YES;
				SWIFT_VERSION = 5.0;
				TARGETED_DEVICE_FAMILY = "1,2";
			};
			name = Debug;
		};
		6EACEA6F2A556B6E000722C7 /* Release */ = {
			isa = XCBuildConfiguration;
			buildSettings = {
				ASSETCATALOG_COMPILER_APPICON_NAME = AppIcon;
				ASSETCATALOG_COMPILER_GLOBAL_ACCENT_COLOR_NAME = AccentColor;
				CODE_SIGN_STYLE = Automatic;
				CURRENT_PROJECT_VERSION = 1;
				DEVELOPMENT_TEAM = 9826J85TM6;
				GENERATE_INFOPLIST_FILE = YES;
				INFOPLIST_FILE = DynamicSSLPinningDemo/Info.plist;
				INFOPLIST_KEY_UIApplicationSupportsIndirectInputEvents = YES;
				INFOPLIST_KEY_UILaunchStoryboardName = LaunchScreen;
				INFOPLIST_KEY_UIMainStoryboardFile = Main;
				INFOPLIST_KEY_UISupportedInterfaceOrientations_iPad = "UIInterfaceOrientationPortrait UIInterfaceOrientationPortraitUpsideDown UIInterfaceOrientationLandscapeLeft UIInterfaceOrientationLandscapeRight";
				INFOPLIST_KEY_UISupportedInterfaceOrientations_iPhone = "UIInterfaceOrientationPortrait UIInterfaceOrientationLandscapeLeft UIInterfaceOrientationLandscapeRight";
				LD_RUNPATH_SEARCH_PATHS = (
					"$(inherited)",
					"@executable_path/Frameworks",
				);
				MARKETING_VERSION = 1.0;
				PRODUCT_BUNDLE_IDENTIFIER = com.darubagus.DynamicSSLPinningDemo;
				PRODUCT_NAME = "$(TARGET_NAME)";
				SWIFT_EMIT_LOC_STRINGS = YES;
				SWIFT_VERSION = 5.0;
				TARGETED_DEVICE_FAMILY = "1,2";
			};
			name = Release;
		};
/* End XCBuildConfiguration section */

/* Begin XCConfigurationList section */
		6EACEA542A556B6A000722C7 /* Build configuration list for PBXProject "DynamicSSLPinningDemo" */ = {
			isa = XCConfigurationList;
			buildConfigurations = (
				6EACEA6B2A556B6E000722C7 /* Debug */,
				6EACEA6C2A556B6E000722C7 /* Release */,
			);
			defaultConfigurationIsVisible = 0;
			defaultConfigurationName = Release;
		};
		6EACEA6D2A556B6E000722C7 /* Build configuration list for PBXNativeTarget "DynamicSSLPinningDemo" */ = {
			isa = XCConfigurationList;
			buildConfigurations = (
				6EACEA6E2A556B6E000722C7 /* Debug */,
				6EACEA6F2A556B6E000722C7 /* Release */,
			);
			defaultConfigurationIsVisible = 0;
			defaultConfigurationName = Release;
		};
/* End XCConfigurationList section */

/* Begin XCSwiftPackageProductDependency section */
		6E9B36882A6254680033CF1D /* DynamicSSLPin */ = {
			isa = XCSwiftPackageProductDependency;
			productName = DynamicSSLPin;
		};
/* End XCSwiftPackageProductDependency section */
	};
	rootObject = 6EACEA512A556B6A000722C7 /* Project object */;
}
